{
  "version": "2",
  "remote": {
    "https://cdn.esm.sh/v43/@types/bs58check@2.1.0/index.d.ts": "eab1d49c359910ed8b6231456661344dcf31d6e6a2bc5de5462dbab51c61b59c",
    "https://cdn.esm.sh/v43/available-typed-arrays@1.0.4/deno/available-typed-arrays.js": "da2285934c865e87686e4a333ffdae6fb4e92fedc7d2e2e5c629f59be2c5ca6c",
    "https://cdn.esm.sh/v43/base-x@3.0.8/deno/base-x.js": "a24c3da633b973e0d67bc3c3a782ed4d5b92f8cd158279c67097e4a4e2829f35",
    "https://cdn.esm.sh/v43/bs58@4.0.1/deno/bs58.js": "8b961821c9566c113e16f5f1bd3cbaaf861febe42ebd278fa78485ad286e4f09",
    "https://cdn.esm.sh/v43/bs58check@2.1.2/deno/bs58check.js": "d559b0f73704adfcabfec34abe5037155d16a757028670414aba50b50305252a",
    "https://cdn.esm.sh/v43/cipher-base@1.0.4/deno/cipher-base.js": "28fdb3f16008ea644291349a35df719a8563424003935aecbebd7d3ac345b1a8",
    "https://cdn.esm.sh/v43/create-hash@1.2.0/deno/create-hash.js": "874ac4dca6efb582d6b05dff159608294508b0f61e8a756e1aac75d6940bea7e",
    "https://cdn.esm.sh/v43/events@3.3.0/deno/events.js": "558b26984d961abec246fddc9bca59990dbed7e338a8f9bc8fdf0d22d9aa6d97",
    "https://cdn.esm.sh/v43/foreach@2.0.5/deno/foreach.js": "09976b329335555123644b0846cedefe8b2e1e56753465a72e24978d2a8965ba",
    "https://cdn.esm.sh/v43/function-bind@1.1.1/deno/function-bind.js": "7276a410dbd4a26b22acfc017c47918660e5f7660a7ea603c315e18599d3edaf",
    "https://cdn.esm.sh/v43/get-intrinsic@1.1.1/deno/get-intrinsic.js": "b0e2652fb048deb6fdad0a3a83ccec4e2140913994aba2e5d53d485e9f9cc08d",
    "https://cdn.esm.sh/v43/has-symbols@1.0.2/deno/has-symbols.js": "186f2c75dc0d7393b612c067016b31875ca84575c627059dbe61718b94db17dd",
    "https://cdn.esm.sh/v43/has@1.0.3/deno/has.js": "0501d8af9c03fac439421e5154dcbd80b1ed1b6a93f7a2ddaee3701fad77ed07",
    "https://cdn.esm.sh/v43/hash-base@3.1.0/deno/hash-base.js": "fdd316c89a668ee6221a8a3ef735906bbe910351dc8fbc5fee25b2a4e865edce",
    "https://cdn.esm.sh/v43/inherits@2.0.4/deno/inherits.js": "3822a5fd351b766e51ed3227e407a37aa0ca3bfb31593edb48fb233c5157cf0b",
    "https://cdn.esm.sh/v43/is-arguments@1.1.0/deno/is-arguments.js": "0ac2f5ae0ae5a7916cb8b51f08e941aaf459f5dfd4e722925dbf48a5b525e4aa",
    "https://cdn.esm.sh/v43/is-generator-function@1.0.9/deno/is-generator-function.js": "90272755f99606796bbd2fd06487fe45862ff910cbfb3964b9ed6b656fad3302",
    "https://cdn.esm.sh/v43/is-typed-array@1.1.5/deno/is-typed-array.js": "992d7dfccbd1c86f7282db8562198c42c9c8c32fcdca46ee979f2ca55d937231",
    "https://cdn.esm.sh/v43/md5.js@1.3.5/deno/md5.js.js": "9c0f62b83978bf3062e8d53577393e70258182a794385c7cc3a352339c8acb67",
    "https://cdn.esm.sh/v43/node_buffer.js": "d79882b052ed8c9522d1efe8f627dbdb9082b0c68a06f679f3f90bf187d50a80",
    "https://cdn.esm.sh/v43/node_process.js": "717fa04df9f16824cd823d39ce4faa49122275253e0e4d6f30b7f1e9aca09a52",
    "https://cdn.esm.sh/v43/readable-stream@3.6.0/deno/readable-stream.js": "77f3a78d421ea3b780dd89462b8ab6c00f76bf78cc7f52622d41c0de59ee1f32",
    "https://cdn.esm.sh/v43/ripemd160@2.0.2/deno/ripemd160.js": "480261947b0f18dae88666a35bb95b69f94de65e8ca96bfeee64386d3dd82a26",
    "https://cdn.esm.sh/v43/safe-buffer@5.2.1/deno/safe-buffer.js": "a9d2e1d3bf2198d2ee63a3ee2389adc07b40f3f5bb2a696791c7e1b003cad113",
    "https://cdn.esm.sh/v43/sha.js@2.4.11/deno/sha.js.js": "b09ce45b3a8536e79e86f57b462fd91d77ff7636f8ff0de0c663e7be42d88983",
    "https://cdn.esm.sh/v43/stream-browserify@3.0.0/deno/stream-browserify.js": "2108c21be3da5223b744687a51f01b5a60a7999f1a1f1ce3ab7f36e2852b7d95",
    "https://cdn.esm.sh/v43/string_decoder@1.3.0/deno/string_decoder.js": "52eaa29f9cf7d5f9550a99aefc8d45cfc2c9b63c97407d5ba029bfb25d1ee98b",
    "https://cdn.esm.sh/v43/util-deprecate@1.0.2/deno/util-deprecate.js": "84415e88796980d44609ddab411d4fa6dd5bf63b9813324cdea45f637f247058",
    "https://cdn.esm.sh/v43/util@0.12.4/deno/util.js": "b9ae576f8dd91e00b920be9088605a77f30857d360f2fdae789ea5fb7f48e7c9",
    "https://cdn.esm.sh/v43/which-typed-array@1.1.4/deno/which-typed-array.js": "c59845ed18b2cec90698875ea3669a05b007c4c108304835a200acd6e29d32bb",
    "https://deno.land/std@0.100.0/encoding/hex.ts": "f952e0727bddb3b2fd2e6889d104eacbd62e92091f540ebd6459317a61932d9b",
    "https://deno.land/std@0.111.0/_util/assert.ts": "2f868145a042a11d5ad0a3c748dcf580add8a0dbc0e876eaa0026303a5488f58",
    "https://deno.land/std@0.111.0/_util/os.ts": "dfb186cc4e968c770ab6cc3288bd65f4871be03b93beecae57d657232ecffcac",
    "https://deno.land/std@0.111.0/bytes/bytes_list.ts": "3bff6a09c72b2e0b1e92e29bd3b135053894196cca07a2bba842901073efe5cb",
    "https://deno.land/std@0.111.0/bytes/equals.ts": "69f55fdbd45c71f920c1a621e6c0865dc780cd8ae34e0f5e55a9497b70c31c1b",
    "https://deno.land/std@0.111.0/bytes/mod.ts": "fedb80b8da2e7ad8dd251148e65f92a04c73d6c5a430b7d197dc39588c8dda6f",
    "https://deno.land/std@0.111.0/fmt/colors.ts": "8368ddf2d48dfe413ffd04cdbb7ae6a1009cf0dccc9c7ff1d76259d9c61a0621",
    "https://deno.land/std@0.111.0/fs/_util.ts": "f2ce811350236ea8c28450ed822a5f42a0892316515b1cd61321dec13569c56b",
    "https://deno.land/std@0.111.0/fs/ensure_dir.ts": "b7c103dc41a3d1dbbb522bf183c519c37065fdc234831a4a0f7d671b1ed5fea7",
    "https://deno.land/std@0.111.0/hash/sha256.ts": "bd85257c68d1fdd9da8457284c4fbb04efa9f4f2229b5f41a638d5b71a3a8d5c",
    "https://deno.land/std@0.111.0/io/buffer.ts": "fdf93ba9e5d20ff3369e2c42443efd89131f8a73066f7f59c033cc588a0e2cfe",
    "https://deno.land/std@0.111.0/io/types.d.ts": "89a27569399d380246ca7cdd9e14d5e68459f11fb6110790cc5ecbd4ee7f3215",
    "https://deno.land/std@0.111.0/path/_constants.ts": "1247fee4a79b70c89f23499691ef169b41b6ccf01887a0abd131009c5581b853",
    "https://deno.land/std@0.111.0/path/_interface.ts": "1fa73b02aaa24867e481a48492b44f2598cd9dfa513c7b34001437007d3642e4",
    "https://deno.land/std@0.111.0/path/_util.ts": "2e06a3b9e79beaf62687196bd4b60a4c391d862cfa007a20fc3a39f778ba073b",
    "https://deno.land/std@0.111.0/path/common.ts": "f41a38a0719a1e85aa11c6ba3bea5e37c15dd009d705bd8873f94c833568cbc4",
    "https://deno.land/std@0.111.0/path/glob.ts": "ea87985765b977cc284b92771003b2070c440e0807c90e1eb0ff3e095911a820",
    "https://deno.land/std@0.111.0/path/mod.ts": "4465dc494f271b02569edbb4a18d727063b5dbd6ed84283ff906260970a15d12",
    "https://deno.land/std@0.111.0/path/posix.ts": "34349174b9cd121625a2810837a82dd8b986bbaaad5ade690d1de75bbb4555b2",
    "https://deno.land/std@0.111.0/path/separator.ts": "8fdcf289b1b76fd726a508f57d3370ca029ae6976fcde5044007f062e643ff1c",
    "https://deno.land/std@0.111.0/path/win32.ts": "11549e8c6df8307a8efcfa47ad7b2a75da743eac7d4c89c9723a944661c8bd2e",
    "https://deno.land/std@0.111.0/streams/conversion.ts": "fe0059ed9d3c53eda4ba44eb71a6a9acb98c5fdb5ba1b6c6ab28004724c7641b",
    "https://deno.land/std@0.140.0/_util/assert.ts": "e94f2eb37cebd7f199952e242c77654e43333c1ac4c5c700e929ea3aa5489f74",
    "https://deno.land/std@0.140.0/_util/os.ts": "3b4c6e27febd119d36a416d7a97bd3b0251b77c88942c8f16ee5953ea13e2e49",
    "https://deno.land/std@0.140.0/fs/_util.ts": "0fb24eb4bfebc2c194fb1afdb42b9c3dda12e368f43e8f2321f84fc77d42cb0f",
    "https://deno.land/std@0.140.0/fs/ensure_dir.ts": "9dc109c27df4098b9fc12d949612ae5c9c7169507660dcf9ad90631833209d9d",
    "https://deno.land/std@0.140.0/fs/expand_glob.ts": "0c10130d67c9b02164b03df8e43c6d6defbf8e395cb69d09e84a8586e6d72ac3",
    "https://deno.land/std@0.140.0/fs/walk.ts": "117403ccd21fd322febe56ba06053b1ad5064c802170f19b1ea43214088fe95f",
    "https://deno.land/std@0.140.0/path/_constants.ts": "df1db3ffa6dd6d1252cc9617e5d72165cd2483df90e93833e13580687b6083c3",
    "https://deno.land/std@0.140.0/path/_interface.ts": "ee3b431a336b80cf445441109d089b70d87d5e248f4f90ff906820889ecf8d09",
    "https://deno.land/std@0.140.0/path/_util.ts": "c1e9686d0164e29f7d880b2158971d805b6e0efc3110d0b3e24e4b8af2190d2b",
    "https://deno.land/std@0.140.0/path/common.ts": "bee563630abd2d97f99d83c96c2fa0cca7cee103e8cb4e7699ec4d5db7bd2633",
    "https://deno.land/std@0.140.0/path/glob.ts": "cb5255638de1048973c3e69e420c77dc04f75755524cb3b2e160fe9277d939ee",
    "https://deno.land/std@0.140.0/path/mod.ts": "d3e68d0abb393fb0bf94a6d07c46ec31dc755b544b13144dee931d8d5f06a52d",
    "https://deno.land/std@0.140.0/path/posix.ts": "293cdaec3ecccec0a9cc2b534302dfe308adb6f10861fa183275d6695faace44",
    "https://deno.land/std@0.140.0/path/separator.ts": "fe1816cb765a8068afb3e8f13ad272351c85cbc739af56dacfc7d93d710fe0f9",
    "https://deno.land/std@0.140.0/path/win32.ts": "31811536855e19ba37a999cd8d1b62078235548d67902ece4aa6b814596dd757",
    "https://deno.land/std@0.143.0/_util/assert.ts": "e94f2eb37cebd7f199952e242c77654e43333c1ac4c5c700e929ea3aa5489f74",
    "https://deno.land/std@0.143.0/_util/os.ts": "3b4c6e27febd119d36a416d7a97bd3b0251b77c88942c8f16ee5953ea13e2e49",
    "https://deno.land/std@0.143.0/fmt/colors.ts": "30455035d6d728394781c10755351742dd731e3db6771b1843f9b9e490104d37",
    "https://deno.land/std@0.143.0/fs/empty_dir.ts": "7274d87160de34cbed0531e284df383045cf43543bbeadeb97feac598bd8f3c5",
    "https://deno.land/std@0.143.0/fs/expand_glob.ts": "0c10130d67c9b02164b03df8e43c6d6defbf8e395cb69d09e84a8586e6d72ac3",
    "https://deno.land/std@0.143.0/fs/walk.ts": "117403ccd21fd322febe56ba06053b1ad5064c802170f19b1ea43214088fe95f",
    "https://deno.land/std@0.143.0/path/_constants.ts": "df1db3ffa6dd6d1252cc9617e5d72165cd2483df90e93833e13580687b6083c3",
    "https://deno.land/std@0.143.0/path/_interface.ts": "ee3b431a336b80cf445441109d089b70d87d5e248f4f90ff906820889ecf8d09",
    "https://deno.land/std@0.143.0/path/_util.ts": "c1e9686d0164e29f7d880b2158971d805b6e0efc3110d0b3e24e4b8af2190d2b",
    "https://deno.land/std@0.143.0/path/common.ts": "bee563630abd2d97f99d83c96c2fa0cca7cee103e8cb4e7699ec4d5db7bd2633",
    "https://deno.land/std@0.143.0/path/glob.ts": "cb5255638de1048973c3e69e420c77dc04f75755524cb3b2e160fe9277d939ee",
    "https://deno.land/std@0.143.0/path/mod.ts": "d3e68d0abb393fb0bf94a6d07c46ec31dc755b544b13144dee931d8d5f06a52d",
    "https://deno.land/std@0.143.0/path/posix.ts": "293cdaec3ecccec0a9cc2b534302dfe308adb6f10861fa183275d6695faace44",
    "https://deno.land/std@0.143.0/path/separator.ts": "fe1816cb765a8068afb3e8f13ad272351c85cbc739af56dacfc7d93d710fe0f9",
    "https://deno.land/std@0.143.0/path/win32.ts": "31811536855e19ba37a999cd8d1b62078235548d67902ece4aa6b814596dd757",
    "https://deno.land/std@0.154.0/fmt/colors.ts": "ff7dc9c9f33a72bd48bc24b21bbc1b4545d8494a431f17894dbc5fe92a938fc4",
    "https://deno.land/std@0.154.0/testing/_diff.ts": "141f978a283defc367eeee3ff7b58aa8763cf7c8e0c585132eae614468e9d7b8",
    "https://deno.land/std@0.154.0/testing/_format.ts": "cd11136e1797791045e639e9f0f4640d5b4166148796cad37e6ef75f7d7f3832",
    "https://deno.land/std@0.154.0/testing/asserts.ts": "ac295f7fd22a7af107580e2475402a8c386cb1bf18bf837ae266ac0665786026",
    "https://deno.land/std@0.165.0/_util/asserts.ts": "d0844e9b62510f89ce1f9878b046f6a57bf88f208a10304aab50efcb48365272",
    "https://deno.land/std@0.165.0/_util/os.ts": "8a33345f74990e627b9dfe2de9b040004b08ea5146c7c9e8fe9a29070d193934",
    "https://deno.land/std@0.165.0/async/abortable.ts": "87aa7230be8360c24ad437212311c9e8d4328854baec27b4c7abb26e85515c06",
    "https://deno.land/std@0.165.0/async/deadline.ts": "48ac998d7564969f3e6ec6b6f9bf0217ebd00239b1b2292feba61272d5dd58d0",
    "https://deno.land/std@0.165.0/async/debounce.ts": "dc8b92d4a4fe7eac32c924f2b8d3e62112530db70cadce27042689d82970b350",
    "https://deno.land/std@0.165.0/async/deferred.ts": "d8fb253ffde2a056e4889ef7e90f3928f28be9f9294b6505773d33f136aab4e6",
    "https://deno.land/std@0.165.0/async/delay.ts": "0419dfc993752849692d1f9647edf13407c7facc3509b099381be99ffbc9d699",
    "https://deno.land/std@0.165.0/async/mod.ts": "dd0a8ed4f3984ffabe2fcca7c9f466b7932d57b1864ffee148a5d5388316db6b",
    "https://deno.land/std@0.165.0/async/mux_async_iterator.ts": "3447b28a2a582224a3d4d3596bccbba6e85040da3b97ed64012f7decce98d093",
    "https://deno.land/std@0.165.0/async/pool.ts": "ef9eb97b388543acbf0ac32647121e4dbe629236899586c4d4311a8770fbb239",
    "https://deno.land/std@0.165.0/async/tee.ts": "9af3a3e7612af75861308b52249e167f5ebc3dcfc8a1a4d45462d96606ee2b70",
    "https://deno.land/std@0.165.0/bytes/bytes_list.ts": "aba5e2369e77d426b10af1de0dcc4531acecec27f9b9056f4f7bfbf8ac147ab4",
    "https://deno.land/std@0.165.0/bytes/equals.ts": "3c3558c3ae85526f84510aa2b48ab2ad7bdd899e2e0f5b7a8ffc85acb3a6043a",
    "https://deno.land/std@0.165.0/bytes/mod.ts": "b2e342fd3669176a27a4e15061e9d588b89c1aaf5008ab71766e23669565d179",
    "https://deno.land/std@0.165.0/crypto/timing_safe_equal.ts": "3784958e40a5fe10429a68b75cc5f8d34356bf0bc2eb93c80c3033e2a6f17821",
    "https://deno.land/std@0.165.0/encoding/base64.ts": "c57868ca7fa2fbe919f57f88a623ad34e3d970d675bdc1ff3a9d02bba7409db2",
    "https://deno.land/std@0.165.0/encoding/base64url.ts": "a5f82a9fa703bd85a5eb8e7c1296bc6529e601ebd9642cc2b5eaa6b38fa9e05a",
    "https://deno.land/std@0.165.0/flags/mod.ts": "3b459daf581e047819b6b799c92b96c81b4eecbd5ea025643d54dc0abc6ac923",
    "https://deno.land/std@0.165.0/fmt/colors.ts": "9e36a716611dcd2e4865adea9c4bec916b5c60caad4cdcdc630d4974e6bb8bd4",
    "https://deno.land/std@0.165.0/fs/_util.ts": "fdc156f897197f261a1c096dcf8ff9267ed0ff42bd5b31f55053a4763a4bae3b",
    "https://deno.land/std@0.165.0/fs/empty_dir.ts": "c15a0aaaf40f8c21cca902aa1e01a789ad0c2fd1b7e2eecf4957053c5dbf707f",
    "https://deno.land/std@0.165.0/fs/expand_glob.ts": "d08678afa768881b055bdfb5cebe4f089f8db4513a4d2b0bbe748f5870d77ce3",
    "https://deno.land/std@0.165.0/fs/walk.ts": "0a754cc4696a15bdb175380a4b7deff3eb65be9768cb11d91a4138beee35c2d7",
    "https://deno.land/std@0.165.0/io/buffer.ts": "245f1762a949082ddc0a6e9b15589d0be2d29c150266decd04320b8a8318f9f6",
    "https://deno.land/std@0.165.0/io/types.d.ts": "107e1e64834c5ba917c783f446b407d33432c5d612c4b3430df64fc2b4ecf091",
    "https://deno.land/std@0.165.0/node/_core.ts": "cd45c0cfa412ff57762b600710574a46f923dfa372003d9dfe52304000393b9b",
    "https://deno.land/std@0.165.0/node/_events.d.ts": "3899ee9c37055fbb750e32cb43d7c435077c04446af948300080e1a590c6edf0",
    "https://deno.land/std@0.165.0/node/_events.mjs": "303e8aa60ace559e4ca0d19e8475f87311bee9e8330b4b497644d70f2002fc27",
    "https://deno.land/std@0.165.0/node/_global.d.ts": "6dadaf8cec2a0c506b22170617286e0bdc80be53dd0673e67fc7dd37a1130c68",
    "https://deno.land/std@0.165.0/node/_next_tick.ts": "81c1826675493b76f90c646fb1274a4c84b5cc913a80ca4526c32cd7c46a0b06",
    "https://deno.land/std@0.165.0/node/_process/exiting.ts": "bc9694769139ffc596f962087155a8bfef10101d03423b9dcbc51ce6e1f88fce",
    "https://deno.land/std@0.165.0/node/_process/process.ts": "d5bf113a4b62f4abe4cb7ec5a9d00d44dac0ad9e82a23d00cc27d71e05ae8b66",
    "https://deno.land/std@0.165.0/node/_process/stdio.mjs": "971c3b086040d8521562155db13f22f9971d5c42c852b2081d4d2f0d8b6ab6bd",
    "https://deno.land/std@0.165.0/node/_process/streams.mjs": "3ce63d9eb24a8a8ec45eeebf5c184b43d888064f663f87e8f453888368e00f90",
    "https://deno.land/std@0.165.0/node/_stream.d.ts": "83e9da2f81de3205926f1e86ba54442aa5a3caf4c5e84a4c8699402ad340142b",
    "https://deno.land/std@0.165.0/node/_stream.mjs": "9a80217d9734f6e4284aae0ea55dd82b243f5517bc1814e983ad41b01732f712",
    "https://deno.land/std@0.165.0/node/_utils.ts": "1085a229e910b3a6672f3c3be05507591811dc67be2ae2188e9fc9ef4376b172",
    "https://deno.land/std@0.165.0/node/buffer.ts": "43f07b2d1523345bf35b7deb7fcdad6e916020a631a7bc1b5efcaff556db4e1d",
    "https://deno.land/std@0.165.0/node/events.ts": "f848398d3591534ca94ac6b852a9f3c4dbb2da310c3a26059cf4ff06b7eae088",
    "https://deno.land/std@0.165.0/node/internal/buffer.d.ts": "90f674081428a61978b6d481c5f557ff743a3f4a85d7ae113caab48fdf5b8a63",
    "https://deno.land/std@0.165.0/node/internal/buffer.mjs": "70b74b34f1617b3492aee6dec35c7bdabbf26e034bfcf640aa61b3d63c5c850f",
    "https://deno.land/std@0.165.0/node/internal/crypto/_keys.ts": "63229ff3d8d15b5bd0a1d2ebc19313cbb8ac969875bf16df1ce4f2b497d74fb5",
    "https://deno.land/std@0.165.0/node/internal/crypto/constants.ts": "d2c8821977aef55e4d66414d623c24a2447791a8b49b6404b8db32d81e20c315",
    "https://deno.land/std@0.165.0/node/internal/error_codes.ts": "ac03c4eae33de3a69d6c98e8678003207eecf75a6900eb847e3fea3c8c9e6d8f",
    "https://deno.land/std@0.165.0/node/internal/errors.ts": "b9aec7d1fe3eaf21322d0ea9dc2fcb344055d6b0c7a1bd0f62a0c379a5baa799",
    "https://deno.land/std@0.165.0/node/internal/fixed_queue.ts": "455b3c484de48e810b13bdf95cd1658ecb1ba6bcb8b9315ffe994efcde3ba5f5",
    "https://deno.land/std@0.165.0/node/internal/hide_stack_frames.ts": "a91962ec84610bc7ec86022c4593cdf688156a5910c07b5bcd71994225c13a03",
    "https://deno.land/std@0.165.0/node/internal/net.ts": "1239886cd2508a68624c2dae8abf895e8aa3bb15a748955349f9ac5539032238",
    "https://deno.land/std@0.165.0/node/internal/normalize_encoding.mjs": "3779ec8a7adf5d963b0224f9b85d1bc974a2ec2db0e858396b5d3c2c92138a0a",
    "https://deno.land/std@0.165.0/node/internal/options.ts": "a23c285975e058cb26a19abcb048cd8b46ab12d21cfb028868ac8003fffb43ac",
    "https://deno.land/std@0.165.0/node/internal/primordials.mjs": "7cf5afe471583e4a384eeea109bdff276b6b7f3a3af830f99f951fb7d57ef423",
    "https://deno.land/std@0.165.0/node/internal/process/per_thread.mjs": "bc1be72a6a662bf81573c20fe74893374847a7302065ddf52fb3fb2af505f31f",
    "https://deno.land/std@0.165.0/node/internal/readline/callbacks.mjs": "17d9270a54fb5dceea8f894669e3401e5c6260bab075a1e9675a62f1fef50d8c",
    "https://deno.land/std@0.165.0/node/internal/readline/utils.mjs": "a93ebb99f85e0dbb4f05f4aff5583d12a15150e45c335e4ecf925e1879dc9c84",
    "https://deno.land/std@0.165.0/node/internal/streams/destroy.mjs": "9c9bbeb172a437041d529829f433df72cf0b63ae49f3ee6080a55ffbef7572ad",
    "https://deno.land/std@0.165.0/node/internal/streams/end-of-stream.mjs": "38be76eaceac231dfde643e72bc0940625446bf6d1dbd995c91c5ba9fd59b338",
    "https://deno.land/std@0.165.0/node/internal/streams/utils.mjs": "a0a6b93a7e68ef52bef4ed00b0c82bb7e335abf360af57335b07c6a3fcdde717",
    "https://deno.land/std@0.165.0/node/internal/util.mjs": "35d24fb775468cd24443bcf0ec68904b8aa44e5b53845491a5e3382421917f9a",
    "https://deno.land/std@0.165.0/node/internal/util/inspect.mjs": "1ddace0c97719d2cc0869ba177d375e96051301352ec235cbfb2ecbfcd4e8fba",
    "https://deno.land/std@0.165.0/node/internal/util/types.ts": "de6e2b7f9b9985ab881b1e78f05ae51d1fc829ae1584063df21e57b35312f3c4",
    "https://deno.land/std@0.165.0/node/internal/validators.mjs": "67deae0f488d013c8bf485742a5478112b8e48837cb2458c4a8b2669cf7017db",
    "https://deno.land/std@0.165.0/node/internal_binding/_libuv_winerror.ts": "801e05c2742ae6cd42a5f0fd555a255a7308a65732551e962e5345f55eedc519",
    "https://deno.land/std@0.165.0/node/internal_binding/_listen.ts": "c15a356ef4758770fc72d3ca4db33f0cc321016df1aafb927c027c0d73ac2c42",
    "https://deno.land/std@0.165.0/node/internal_binding/_node.ts": "e4075ba8a37aef4eb5b592c8e3807c39cb49ca8653faf8e01a43421938076c1b",
    "https://deno.land/std@0.165.0/node/internal_binding/_timingSafeEqual.ts": "80640f055101071cb3680a2d8a1fead5fd260ca8bf183efb94296b69463e06cd",
    "https://deno.land/std@0.165.0/node/internal_binding/_utils.ts": "1c50883b5751a9ea1b38951e62ed63bacfdc9d69ea665292edfa28e1b1c5bd94",
    "https://deno.land/std@0.165.0/node/internal_binding/_winerror.ts": "8811d4be66f918c165370b619259c1f35e8c3e458b8539db64c704fbde0a7cd2",
    "https://deno.land/std@0.165.0/node/internal_binding/ares.ts": "33ff8275bc11751219af8bd149ea221c442d7e8676e3e9f20ccb0e1f0aac61b8",
    "https://deno.land/std@0.165.0/node/internal_binding/async_wrap.ts": "b83e4021a4854b2e13720f96d21edc11f9905251c64c1bc625a361f574400959",
    "https://deno.land/std@0.165.0/node/internal_binding/buffer.ts": "781e1d13adc924864e6e37ecb5152e8a4e994cf394695136e451c47f00bda76c",
    "https://deno.land/std@0.165.0/node/internal_binding/cares_wrap.ts": "720e6d5cff7018bb3d00e1a49dd4c31f0fc6af3a593ab68cd39e3592ed163d61",
    "https://deno.land/std@0.165.0/node/internal_binding/config.ts": "e292217d048a33573966b7d25352828d3282921fbcadce8735a20fb3da370cc4",
    "https://deno.land/std@0.165.0/node/internal_binding/connection_wrap.ts": "9debd4210d29c658054476fcb640c900725f564ef35412c56dc79eb07213a7c1",
    "https://deno.land/std@0.165.0/node/internal_binding/constants.ts": "f4afc504137fb21f3908ab549931604968dfa62432b285a0874f41c4cade9ed2",
    "https://deno.land/std@0.165.0/node/internal_binding/contextify.ts": "e292217d048a33573966b7d25352828d3282921fbcadce8735a20fb3da370cc4",
    "https://deno.land/std@0.165.0/node/internal_binding/credentials.ts": "e292217d048a33573966b7d25352828d3282921fbcadce8735a20fb3da370cc4",
    "https://deno.land/std@0.165.0/node/internal_binding/crypto.ts": "d7f39700dc020364edf7f4785e5026bb91f099ce1bd02734182451b1af300c8c",
    "https://deno.land/std@0.165.0/node/internal_binding/errors.ts": "e292217d048a33573966b7d25352828d3282921fbcadce8735a20fb3da370cc4",
    "https://deno.land/std@0.165.0/node/internal_binding/fs.ts": "e292217d048a33573966b7d25352828d3282921fbcadce8735a20fb3da370cc4",
    "https://deno.land/std@0.165.0/node/internal_binding/fs_dir.ts": "e292217d048a33573966b7d25352828d3282921fbcadce8735a20fb3da370cc4",
    "https://deno.land/std@0.165.0/node/internal_binding/fs_event_wrap.ts": "e292217d048a33573966b7d25352828d3282921fbcadce8735a20fb3da370cc4",
    "https://deno.land/std@0.165.0/node/internal_binding/handle_wrap.ts": "71c451060c9f555066d3ebe80de039a4e493a94b76c664450fbefd8f4167eb7e",
    "https://deno.land/std@0.165.0/node/internal_binding/heap_utils.ts": "e292217d048a33573966b7d25352828d3282921fbcadce8735a20fb3da370cc4",
    "https://deno.land/std@0.165.0/node/internal_binding/http_parser.ts": "e292217d048a33573966b7d25352828d3282921fbcadce8735a20fb3da370cc4",
    "https://deno.land/std@0.165.0/node/internal_binding/icu.ts": "e292217d048a33573966b7d25352828d3282921fbcadce8735a20fb3da370cc4",
    "https://deno.land/std@0.165.0/node/internal_binding/inspector.ts": "e292217d048a33573966b7d25352828d3282921fbcadce8735a20fb3da370cc4",
    "https://deno.land/std@0.165.0/node/internal_binding/js_stream.ts": "e292217d048a33573966b7d25352828d3282921fbcadce8735a20fb3da370cc4",
    "https://deno.land/std@0.165.0/node/internal_binding/messaging.ts": "e292217d048a33573966b7d25352828d3282921fbcadce8735a20fb3da370cc4",
    "https://deno.land/std@0.165.0/node/internal_binding/mod.ts": "f68e74e8eed84eaa6b0de24f0f4c47735ed46866d7ee1c5a5e7c0667b4f0540f",
    "https://deno.land/std@0.165.0/node/internal_binding/module_wrap.ts": "e292217d048a33573966b7d25352828d3282921fbcadce8735a20fb3da370cc4",
    "https://deno.land/std@0.165.0/node/internal_binding/native_module.ts": "e292217d048a33573966b7d25352828d3282921fbcadce8735a20fb3da370cc4",
    "https://deno.land/std@0.165.0/node/internal_binding/natives.ts": "e292217d048a33573966b7d25352828d3282921fbcadce8735a20fb3da370cc4",
    "https://deno.land/std@0.165.0/node/internal_binding/node_file.ts": "37d6864897547d95ca24e0f5d01035915db0065bff128bc22191bc93f9ad59ad",
    "https://deno.land/std@0.165.0/node/internal_binding/node_options.ts": "b098e6a1c80fa5003a1669c6828539167ab19337e13d20a47b610144cb888cef",
    "https://deno.land/std@0.165.0/node/internal_binding/options.ts": "e292217d048a33573966b7d25352828d3282921fbcadce8735a20fb3da370cc4",
    "https://deno.land/std@0.165.0/node/internal_binding/os.ts": "e292217d048a33573966b7d25352828d3282921fbcadce8735a20fb3da370cc4",
    "https://deno.land/std@0.165.0/node/internal_binding/performance.ts": "e292217d048a33573966b7d25352828d3282921fbcadce8735a20fb3da370cc4",
    "https://deno.land/std@0.165.0/node/internal_binding/pipe_wrap.ts": "105c73f268cb9ca1c6cebaf4bea089ab12e0c21c8c4e10bb0a14b0abd3e1661e",
    "https://deno.land/std@0.165.0/node/internal_binding/process_methods.ts": "e292217d048a33573966b7d25352828d3282921fbcadce8735a20fb3da370cc4",
    "https://deno.land/std@0.165.0/node/internal_binding/report.ts": "e292217d048a33573966b7d25352828d3282921fbcadce8735a20fb3da370cc4",
    "https://deno.land/std@0.165.0/node/internal_binding/serdes.ts": "e292217d048a33573966b7d25352828d3282921fbcadce8735a20fb3da370cc4",
    "https://deno.land/std@0.165.0/node/internal_binding/signal_wrap.ts": "e292217d048a33573966b7d25352828d3282921fbcadce8735a20fb3da370cc4",
    "https://deno.land/std@0.165.0/node/internal_binding/spawn_sync.ts": "e292217d048a33573966b7d25352828d3282921fbcadce8735a20fb3da370cc4",
    "https://deno.land/std@0.165.0/node/internal_binding/stream_wrap.ts": "ecbd50a6c6ff7f6fea9bdfdc7b3977637cd854814c812b59296458ca2f0fc209",
    "https://deno.land/std@0.165.0/node/internal_binding/string_decoder.ts": "5cb1863763d1e9b458bc21d6f976f16d9c18b3b3f57eaf0ade120aee38fba227",
    "https://deno.land/std@0.165.0/node/internal_binding/symbols.ts": "51cfca9bb6132d42071d4e9e6b68a340a7f274041cfcba3ad02900886e972a6c",
    "https://deno.land/std@0.165.0/node/internal_binding/task_queue.ts": "e292217d048a33573966b7d25352828d3282921fbcadce8735a20fb3da370cc4",
    "https://deno.land/std@0.165.0/node/internal_binding/tcp_wrap.ts": "4217fa10072e048a26f26e5f548b3f38422452c9956265592cac57379a610acb",
    "https://deno.land/std@0.165.0/node/internal_binding/timers.ts": "e292217d048a33573966b7d25352828d3282921fbcadce8735a20fb3da370cc4",
    "https://deno.land/std@0.165.0/node/internal_binding/tls_wrap.ts": "e292217d048a33573966b7d25352828d3282921fbcadce8735a20fb3da370cc4",
    "https://deno.land/std@0.165.0/node/internal_binding/trace_events.ts": "e292217d048a33573966b7d25352828d3282921fbcadce8735a20fb3da370cc4",
    "https://deno.land/std@0.165.0/node/internal_binding/tty_wrap.ts": "e292217d048a33573966b7d25352828d3282921fbcadce8735a20fb3da370cc4",
    "https://deno.land/std@0.165.0/node/internal_binding/types.ts": "4c26fb74ba2e45de553c15014c916df6789529a93171e450d5afb016b4c765e7",
    "https://deno.land/std@0.165.0/node/internal_binding/udp_wrap.ts": "cdd0882eff7e7db631d808608d20f5d1269b40fbcedd4a0972d6ed616a855c79",
    "https://deno.land/std@0.165.0/node/internal_binding/url.ts": "e292217d048a33573966b7d25352828d3282921fbcadce8735a20fb3da370cc4",
    "https://deno.land/std@0.165.0/node/internal_binding/util.ts": "faf5146c3cc3b2d6c26026a818b4a16e91488ab26e63c069f36ba3c3ae24c97b",
    "https://deno.land/std@0.165.0/node/internal_binding/uv.ts": "3a63eebe0b69334bab5e9f037aadde1aef59ab21ab0e4cd01ac588d919be2c75",
    "https://deno.land/std@0.165.0/node/internal_binding/v8.ts": "e292217d048a33573966b7d25352828d3282921fbcadce8735a20fb3da370cc4",
    "https://deno.land/std@0.165.0/node/internal_binding/worker.ts": "e292217d048a33573966b7d25352828d3282921fbcadce8735a20fb3da370cc4",
    "https://deno.land/std@0.165.0/node/internal_binding/zlib.ts": "e292217d048a33573966b7d25352828d3282921fbcadce8735a20fb3da370cc4",
    "https://deno.land/std@0.165.0/node/process.ts": "7180a9e7022d62481daf6fac855f440882137046ef6941f659e8d40c077186be",
    "https://deno.land/std@0.165.0/node/stream.ts": "2c6d5d207d0ad295f396b34fd03a908c1638beb1754bc9c1fccd9a4cdcace8be",
    "https://deno.land/std@0.165.0/node/string_decoder.ts": "39b3846318f3a60cee417673dab0252a6f400af2e0f2a481bb6d74c00524b597",
    "https://deno.land/std@0.165.0/path/_constants.ts": "df1db3ffa6dd6d1252cc9617e5d72165cd2483df90e93833e13580687b6083c3",
    "https://deno.land/std@0.165.0/path/_interface.ts": "ee3b431a336b80cf445441109d089b70d87d5e248f4f90ff906820889ecf8d09",
    "https://deno.land/std@0.165.0/path/_util.ts": "d16be2a16e1204b65f9d0dfc54a9bc472cafe5f4a190b3c8471ec2016ccd1677",
    "https://deno.land/std@0.165.0/path/common.ts": "bee563630abd2d97f99d83c96c2fa0cca7cee103e8cb4e7699ec4d5db7bd2633",
    "https://deno.land/std@0.165.0/path/glob.ts": "cb5255638de1048973c3e69e420c77dc04f75755524cb3b2e160fe9277d939ee",
    "https://deno.land/std@0.165.0/path/mod.ts": "56fec03ad0ebd61b6ab39ddb9b0ddb4c4a5c9f2f4f632e09dd37ec9ebfd722ac",
    "https://deno.land/std@0.165.0/path/posix.ts": "6b63de7097e68c8663c84ccedc0fd977656eb134432d818ecd3a4e122638ac24",
    "https://deno.land/std@0.165.0/path/separator.ts": "fe1816cb765a8068afb3e8f13ad272351c85cbc739af56dacfc7d93d710fe0f9",
    "https://deno.land/std@0.165.0/path/win32.ts": "7cebd2bda6657371adc00061a1d23fdd87bcdf64b4843bb148b0b24c11b40f69",
    "https://deno.land/std@0.165.0/streams/conversion.ts": "555c6c249f3acf85655f2d0af52d1cb3168e40b1c1fa26beefea501b333abe28",
    "https://deno.land/std@0.167.0/_util/asserts.ts": "d0844e9b62510f89ce1f9878b046f6a57bf88f208a10304aab50efcb48365272",
    "https://deno.land/std@0.167.0/_util/os.ts": "8a33345f74990e627b9dfe2de9b040004b08ea5146c7c9e8fe9a29070d193934",
    "https://deno.land/std@0.167.0/path/_constants.ts": "df1db3ffa6dd6d1252cc9617e5d72165cd2483df90e93833e13580687b6083c3",
    "https://deno.land/std@0.167.0/path/_interface.ts": "ee3b431a336b80cf445441109d089b70d87d5e248f4f90ff906820889ecf8d09",
    "https://deno.land/std@0.167.0/path/_util.ts": "d16be2a16e1204b65f9d0dfc54a9bc472cafe5f4a190b3c8471ec2016ccd1677",
    "https://deno.land/std@0.167.0/path/common.ts": "bee563630abd2d97f99d83c96c2fa0cca7cee103e8cb4e7699ec4d5db7bd2633",
    "https://deno.land/std@0.167.0/path/glob.ts": "81cc6c72be002cd546c7a22d1f263f82f63f37fe0035d9726aa96fc8f6e4afa1",
    "https://deno.land/std@0.167.0/path/mod.ts": "cf7cec7ac11b7048bb66af8ae03513e66595c279c65cfa12bfc07d9599608b78",
    "https://deno.land/std@0.167.0/path/posix.ts": "b859684bc4d80edfd4cad0a82371b50c716330bed51143d6dcdbe59e6278b30c",
    "https://deno.land/std@0.167.0/path/separator.ts": "fe1816cb765a8068afb3e8f13ad272351c85cbc739af56dacfc7d93d710fe0f9",
    "https://deno.land/std@0.167.0/path/win32.ts": "7cebd2bda6657371adc00061a1d23fdd87bcdf64b4843bb148b0b24c11b40f69",
    "https://deno.land/x/base58check@v0.1.4/base.ts": "a58f2c2b8837ec560a0a2a9aa1252a3ffeb71a4915b0cf606886fbc25befdc78",
    "https://deno.land/x/base58check@v0.1.4/mod.ts": "2d2fa2ffabf447ea278ef866bb7906728b9d08f49cc1425b6f90b6e8e50c800d",
    "https://deno.land/x/base64@v0.2.1/base.ts": "47dc8d68f07dc91524bdd6db36eccbe59cf4d935b5fc09f27357a3944bb3ff7b",
    "https://deno.land/x/base64@v0.2.1/base64url.ts": "18bbf879b31f1f32cca8adaa2b6885ae325c2cec6a66c5817b684ca12c46ad5e",
    "https://deno.land/x/base64@v0.2.1/mod.ts": "1cbdc4ba7229d3c6d1763fecdb9d46844777c7e153abb6dabea8b0dd01448db4",
    "https://deno.land/x/code_block_writer@11.0.0/comment_char.ts": "22b66890bbdf7a2d59777ffd8231710c1fda1c11fadada67632a596937a1a314",
    "https://deno.land/x/code_block_writer@11.0.0/mod.ts": "dc43d56c3487bae02886a09754fb09c607da4ea866817e80f3e60632f3391d70",
    "https://deno.land/x/code_block_writer@11.0.0/utils/string_utils.ts": "60cb4ec8bd335bf241ef785ccec51e809d576ff8e8d29da43d2273b69ce2a6ff",
    "https://deno.land/x/code_block_writer@11.0.3/mod.ts": "2c3448060e47c9d08604c8f40dee34343f553f33edcdfebbf648442be33205e5",
    "https://deno.land/x/code_block_writer@11.0.3/utils/string_utils.ts": "60cb4ec8bd335bf241ef785ccec51e809d576ff8e8d29da43d2273b69ce2a6ff",
    "https://deno.land/x/deno_cache@0.2.1/auth_tokens.ts": "01b94d25abd974153a3111653998b9a43c66d84a0e4b362fc5f4bbbf40a6e0f7",
    "https://deno.land/x/deno_cache@0.2.1/cache.ts": "67e301c20161546fea45405316314f4c3d85cc7a367b2fb72042903f308f55b7",
    "https://deno.land/x/deno_cache@0.2.1/deno_dir.ts": "e4dc68da5641aa337bcc06fb1df28fcb086b366dcbea7d8aaed7ac7c853fedb1",
    "https://deno.land/x/deno_cache@0.2.1/deps.ts": "2ebaba0ad86fff8b9027c6afd4c3909a17cd8bf8c9e263151c980c15c56a18ee",
    "https://deno.land/x/deno_cache@0.2.1/dirs.ts": "e07003fabed7112375d4a50040297aae768f9d06bb6c2655ca46880653b576b4",
    "https://deno.land/x/deno_cache@0.2.1/disk_cache.ts": "d7a361f0683a032bcca28513a7bbedc28c77cfcc6719e6f6cea156c0ff1108df",
    "https://deno.land/x/deno_cache@0.2.1/file_fetcher.ts": "352702994c190c45215f3b8086621e117e88bc2174b020faefb5eca653d71d6a",
    "https://deno.land/x/deno_cache@0.2.1/http_cache.ts": "af1500149496e2d0acadec24569e2a9c86a3f600cceef045dcf6f5ce8de72b3a",
    "https://deno.land/x/deno_cache@0.2.1/mod.ts": "709ab9d1068be5fd77b020b33e7a9394f1e9b453553b1e2336b72c90283cf3c0",
    "https://deno.land/x/deno_cache@0.2.1/util.ts": "652479928551259731686686ff2df6f26bc04e8e4d311137b2bf3bc10f779f48",
    "https://deno.land/x/deno_graph@0.6.0/lib/deno_graph.generated.js": "3e1cccd6376d4ad0ea789d66aa0f6b19f737fa8da37b5e6185ef5c269c974f54",
    "https://deno.land/x/deno_graph@0.6.0/lib/loader.ts": "13a11c1dea0d85e0ad211be77217b8c06138bbb916afef6f50a04cca415084a9",
    "https://deno.land/x/deno_graph@0.6.0/lib/media_type.ts": "36be751aa63d6ae36475b90dca5fae8fd7c3a77cf13684c48cf23a85ee607b31",
    "https://deno.land/x/deno_graph@0.6.0/lib/snippets/deno_graph-1c138d6136337537/src/deno_apis.js": "f13f2678d875372cf8489ceb7124623a39fa5bf8de8ee1ec722dbb2ec5ec7845",
    "https://deno.land/x/deno_graph@0.6.0/lib/types.d.ts": "68cb232e02a984658b40ffaf6cafb979a06fbfdce7f5bd4c7a83ed1a32a07687",
    "https://deno.land/x/deno_graph@0.6.0/mod.ts": "8fe3d39bdcb273adfb41a0bafbbaabec4c6fe6c611b47fed8f46f218edb37e8e",
    "https://deno.land/x/dnt@0.30.0/lib/compiler.ts": "8e57a6b48981ba1f887048923976cfa82a5f27e19814e42ef7bd674c3932a74c",
    "https://deno.land/x/dnt@0.30.0/lib/compiler_transforms.ts": "316c24175fe6a5d7ac6bb1dd44d14ef8010ea5773a3ac918db4d64f986402d8b",
    "https://deno.land/x/dnt@0.30.0/lib/mod.deps.ts": "ab9c978aefd41d279e7cb6b540e0d874c2f6a8a97228bbcaa8d69e2e57956ef5",
    "https://deno.land/x/dnt@0.30.0/lib/npm_ignore.ts": "ec1a4ca32c5c652c931635632c8fe0e5c8d6c20ab33518a3038fde9163f6da95",
    "https://deno.land/x/dnt@0.30.0/lib/package_json.ts": "a249654f3e5967a04e160b7a0b97ffa6677558acff1486fcad5a83d121edbe68",
    "https://deno.land/x/dnt@0.30.0/lib/pkg/dnt_wasm.generated.js": "f59d9474362ce94cf0f8e546365ac8f3f7682da6e61973aee6266de85fd4beae",
    "https://deno.land/x/dnt@0.30.0/lib/pkg/snippets/dnt-wasm-a15ef721fa5290c5/helpers.js": "2f623f83602d4fbb30caa63444b10e35b45e9c2b267e49585ec9bb790a4888d8",
    "https://deno.land/x/dnt@0.30.0/lib/shims.ts": "c5d107921d194035b5cd0a3df5527fcbe7a3506ad4721eecc6effdbf1c3cf6ad",
    "https://deno.land/x/dnt@0.30.0/lib/test_runner/get_test_runner_code.ts": "b3682b1a34fc39840dd765e993523efdc97e004186c631de6a2d1c6cec3ebe45",
    "https://deno.land/x/dnt@0.30.0/lib/test_runner/test_runner.ts": "fb89eb53964dd8b919a99536f03058778dc12aeeba3b4721e40f1eed8fc938a7",
    "https://deno.land/x/dnt@0.30.0/lib/transform.deps.ts": "c0c3cb56f4dbda74aa6f58d9ae9e8d870accc8d41647396f2634b0a14027b393",
    "https://deno.land/x/dnt@0.30.0/lib/types.ts": "8506b5ced3921a6ac2a1d5a2bb381bfdbf818c68207f14a1a1fffbf48ee95886",
    "https://deno.land/x/dnt@0.30.0/lib/utils.ts": "d2681d634dfa6bd4ad2a32ad15bd419f6f1f895e06c0bf479455fbf1c5f49cd9",
    "https://deno.land/x/dnt@0.30.0/mod.ts": "d8cbced96a00015d8fe820defd0636de4eda000d2bbe883e9b782c2a7df453b5",
    "https://deno.land/x/dnt@0.30.0/transform.ts": "a5f81749ecc145af0730e348d5bb3b9b9c7b922822453561feecbdb0d5462b34",
    "https://deno.land/x/dnt@0.31.0/lib/compiler.ts": "66312edd9d2544b6bc11dd0e9a615c6d0bf1beed7c9f9851521788009a9c04c9",
    "https://deno.land/x/dnt@0.31.0/lib/compiler_transforms.ts": "316c24175fe6a5d7ac6bb1dd44d14ef8010ea5773a3ac918db4d64f986402d8b",
    "https://deno.land/x/dnt@0.31.0/lib/mod.deps.ts": "ab9c978aefd41d279e7cb6b540e0d874c2f6a8a97228bbcaa8d69e2e57956ef5",
    "https://deno.land/x/dnt@0.31.0/lib/npm_ignore.ts": "ec1a4ca32c5c652c931635632c8fe0e5c8d6c20ab33518a3038fde9163f6da95",
    "https://deno.land/x/dnt@0.31.0/lib/package_json.ts": "c4fe0f157508ccf46cc2876c104345bba9012a6793c66142dffaf18c9ca72daa",
    "https://deno.land/x/dnt@0.31.0/lib/pkg/dnt_wasm.generated.js": "154c30397dcbed6879b8d12eddf6611b2d57ef88eb4dc955c0f3b8c6bf13c9c8",
    "https://deno.land/x/dnt@0.31.0/lib/pkg/snippets/dnt-wasm-a15ef721fa5290c5/helpers.js": "2f623f83602d4fbb30caa63444b10e35b45e9c2b267e49585ec9bb790a4888d8",
    "https://deno.land/x/dnt@0.31.0/lib/shims.ts": "2649c730625c7f231de32120bdb8f237b26f44910b253cabe2ec60e6421b7656",
    "https://deno.land/x/dnt@0.31.0/lib/test_runner/get_test_runner_code.ts": "b3682b1a34fc39840dd765e993523efdc97e004186c631de6a2d1c6cec3ebe45",
    "https://deno.land/x/dnt@0.31.0/lib/test_runner/test_runner.ts": "424589c9db2d5bbcb5c37190fe2676c9a9239e5a6ae8c4c4c22294e376b5de6d",
    "https://deno.land/x/dnt@0.31.0/lib/transform.deps.ts": "c0c3cb56f4dbda74aa6f58d9ae9e8d870accc8d41647396f2634b0a14027b393",
    "https://deno.land/x/dnt@0.31.0/lib/types.ts": "8506b5ced3921a6ac2a1d5a2bb381bfdbf818c68207f14a1a1fffbf48ee95886",
    "https://deno.land/x/dnt@0.31.0/lib/utils.ts": "d2681d634dfa6bd4ad2a32ad15bd419f6f1f895e06c0bf479455fbf1c5f49cd9",
    "https://deno.land/x/dnt@0.31.0/mod.ts": "837d24f488fb2f80d4ec6882e85ca0bd41bcb351d23b44132d3840ef2eff8069",
    "https://deno.land/x/dnt@0.31.0/transform.ts": "a5f81749ecc145af0730e348d5bb3b9b9c7b922822453561feecbdb0d5462b34",
    "https://deno.land/x/dnt@0.32.0/lib/compiler.ts": "66312edd9d2544b6bc11dd0e9a615c6d0bf1beed7c9f9851521788009a9c04c9",
    "https://deno.land/x/dnt@0.32.0/lib/compiler_transforms.ts": "316c24175fe6a5d7ac6bb1dd44d14ef8010ea5773a3ac918db4d64f986402d8b",
    "https://deno.land/x/dnt@0.32.0/lib/mod.deps.ts": "c25911ebaf412c90dbfaf6b4d8afecb644dc3aa1927b7f10329e68080f3172a1",
    "https://deno.land/x/dnt@0.32.0/lib/npm_ignore.ts": "ec1a4ca32c5c652c931635632c8fe0e5c8d6c20ab33518a3038fde9163f6da95",
    "https://deno.land/x/dnt@0.32.0/lib/package_json.ts": "ed633978110d9fc2b1e316986c8c0ac83d56e97793c1ab5842afdfea35c7dc59",
    "https://deno.land/x/dnt@0.32.0/lib/pkg/dnt_wasm.generated.js": "01dee649eb64416708be7caa720825068a8ee3bea44cccd8b1b320c7a38633ce",
    "https://deno.land/x/dnt@0.32.0/lib/pkg/snippets/dnt-wasm-a15ef721fa5290c5/helpers.js": "2f623f83602d4fbb30caa63444b10e35b45e9c2b267e49585ec9bb790a4888d8",
    "https://deno.land/x/dnt@0.32.0/lib/shims.ts": "a7bc7c5d43e067b12342be883205e694de1ed82c08d48f6a6037b62c23bff169",
    "https://deno.land/x/dnt@0.32.0/lib/test_runner/get_test_runner_code.ts": "b3682b1a34fc39840dd765e993523efdc97e004186c631de6a2d1c6cec3ebe45",
    "https://deno.land/x/dnt@0.32.0/lib/test_runner/test_runner.ts": "424589c9db2d5bbcb5c37190fe2676c9a9239e5a6ae8c4c4c22294e376b5de6d",
    "https://deno.land/x/dnt@0.32.0/lib/transform.deps.ts": "c0c3cb56f4dbda74aa6f58d9ae9e8d870accc8d41647396f2634b0a14027b393",
    "https://deno.land/x/dnt@0.32.0/lib/types.ts": "8506b5ced3921a6ac2a1d5a2bb381bfdbf818c68207f14a1a1fffbf48ee95886",
    "https://deno.land/x/dnt@0.32.0/lib/utils.ts": "d2681d634dfa6bd4ad2a32ad15bd419f6f1f895e06c0bf479455fbf1c5f49cd9",
    "https://deno.land/x/dnt@0.32.0/mod.ts": "837d24f488fb2f80d4ec6882e85ca0bd41bcb351d23b44132d3840ef2eff8069",
    "https://deno.land/x/dnt@0.32.0/transform.ts": "a5f81749ecc145af0730e348d5bb3b9b9c7b922822453561feecbdb0d5462b34",
    "https://deno.land/x/sodium@0.2.0/basic.ts": "458ec1e8e90b5df3c0d8a7a7e4747dbbbd35e3ee776ac4dc7c44d3ec70784de9",
    "https://deno.land/x/sodium@0.2.0/basic_types.ts": "49e32fd3d239e183d71e2509def40a70ce0308f4d9f0552dd355be8094e2fe5f",
    "https://deno.land/x/sodium@0.2.0/dist/browsers/sodium.js": "169e09bb1d056fd4700c95edbdb399d8050d685ce44b40f520e35a021167d520",
    "https://deno.land/x/ts_morph@15.1.0/bootstrap/mod.ts": "b53aad517f106c4079971fcd4a81ab79fadc40b50061a3ab2b741a09119d51e9",
    "https://deno.land/x/ts_morph@15.1.0/bootstrap/ts_morph_bootstrap.d.ts": "2be47f54ceb6ef524ed0e2e9f80776d93276a1edadfa2191680927dadd3ccd76",
    "https://deno.land/x/ts_morph@15.1.0/bootstrap/ts_morph_bootstrap.js": "e0d65e4c209038948221437bad543df2092c93f76ab76c60eb203e9f108a793a",
    "https://deno.land/x/ts_morph@15.1.0/common/DenoRuntime.ts": "669067e3f7235d554c7dcf9ec4f115b68ad8144488d99cfd04ea8c80461d9215",
    "https://deno.land/x/ts_morph@15.1.0/common/mod.ts": "01985d2ee7da8d1caee318a9d07664774fbee4e31602bc2bb6bb62c3489555ed",
    "https://deno.land/x/ts_morph@15.1.0/common/ts_morph_common.d.ts": "f0099d5cc0c87ace014a72307c90c388bcfb2b4a4986af03b2b5ec5b92e28387",
    "https://deno.land/x/ts_morph@15.1.0/common/ts_morph_common.js": "e43476019b9c74ca9116eb82b97a14e6bc2d1bba55b0575d933d98069c0c0c37",
    "https://deno.land/x/ts_morph@15.1.0/common/typescript.d.ts": "3fa86a2c33804b6a4221dda3714a6a2f8a2f26983ea6c63d2bf6f2839fbb778a",
    "https://deno.land/x/ts_morph@15.1.0/common/typescript.js": "4d7a5d2090a2ba739c02207bd8c49a60c9475dea7725a9cabfaf0f26cbf85f53",
    "https://deno.land/x/ts_morph@17.0.1/bootstrap/mod.ts": "b53aad517f106c4079971fcd4a81ab79fadc40b50061a3ab2b741a09119d51e9",
    "https://deno.land/x/ts_morph@17.0.1/bootstrap/ts_morph_bootstrap.d.ts": "607e651c5ae5aa57c2ac4090759a6379e809c0cdc42114742ac67353b1a75038",
    "https://deno.land/x/ts_morph@17.0.1/bootstrap/ts_morph_bootstrap.js": "91a954daa993c5acb3361aa5279394f81ea6fe18b3854345c86111b336491cfc",
    "https://deno.land/x/ts_morph@17.0.1/common/DenoRuntime.ts": "537800e840d0994f9055164e11bf33eadf96419246af0d3c453793c3ae67bdb3",
    "https://deno.land/x/ts_morph@17.0.1/common/mod.ts": "01985d2ee7da8d1caee318a9d07664774fbee4e31602bc2bb6bb62c3489555ed",
    "https://deno.land/x/ts_morph@17.0.1/common/ts_morph_common.d.ts": "ee7767b0c68b23c65bb607c94b6cb3512e8237fbcb7d1d8383a33235cde2c068",
    "https://deno.land/x/ts_morph@17.0.1/common/ts_morph_common.js": "49a79124b941ba2b35d81ac9eb90fc33c957b2640cdb97569c1941bac5a3bbdb",
    "https://deno.land/x/ts_morph@17.0.1/common/typescript.d.ts": "57e52a0882af4e835473dda27e4316cc31149866970210f9f79b940e916b7838",
    "https://deno.land/x/ts_morph@17.0.1/common/typescript.js": "5dd669eb199ee2a539924c63a92e23d95df43dfe2fbe3a9d68c871648be1ad5e",
    "https://esm.sh/@bufbuild/protobuf@0.3.0": "02f647f7abfc8b4cc51cb3c6e81c1cad3c35bae5ccb705423b0ce9f76c4565af",
    "https://esm.sh/bs58check@2.1.2": "862f0e3b91b4e72f0a98aab17d3e685649c3c977cfee653dd48457dd52c52778",
    "https://esm.sh/v43/node.ns.d.ts": "0fb081f0cd2150931bd54baa04f31466abd9ca701fd9060d07931402cf8367ba",
    "https://esm.sh/v99/@bufbuild/protobuf@0.3.0/deno/protobuf.js": "c557d876f7905893ab1412d2e940b00981757477fec68e4ca9975b8c0e213298",
    "https://esm.sh/v99/@bufbuild/protobuf@0.3.0/dist/types/binary-encoding.d.ts": "af6fe3f11b89d99c107bf41cdfae2fafcfc0258732fee43dd528f64f73bbcbae",
    "https://esm.sh/v99/@bufbuild/protobuf@0.3.0/dist/types/binary-format.d.ts": "68277069f23b7513f3e828805165f523ea0aa1dcc34a249e64a340188891b173",
    "https://esm.sh/v99/@bufbuild/protobuf@0.3.0/dist/types/codegen-info.d.ts": "c0c92867db03b800bc763aab25590a00cae14fb1d1e0ef26896afb9acd818d6f",
    "https://esm.sh/v99/@bufbuild/protobuf@0.3.0/dist/types/create-descriptor-set.d.ts": "da65fdd5b8ecdb42f325811fabece51e747822b4198295bbd11bf6523e5d5a91",
    "https://esm.sh/v99/@bufbuild/protobuf@0.3.0/dist/types/create-registry-from-desc.d.ts": "0ae9bffc2b2b5960bf20d4b8efff38c80e48aef0a636848066ad5f6c477f5dff",
    "https://esm.sh/v99/@bufbuild/protobuf@0.3.0/dist/types/create-registry.d.ts": "11f9b37604dc6e0ebe84332d4c56e5ae2c6d1b11dc65f345cbc3a9d45bd833c8",
    "https://esm.sh/v99/@bufbuild/protobuf@0.3.0/dist/types/descriptor-set.d.ts": "441b92ba794084553022d61d17677f1ced7c7bccb3fc8eba2e63e0a61ebf22e0",
    "https://esm.sh/v99/@bufbuild/protobuf@0.3.0/dist/types/enum.d.ts": "961ae7c3710ad5925a8041716e5816ac1e301088c3815b710f20d3ae09695430",
    "https://esm.sh/v99/@bufbuild/protobuf@0.3.0/dist/types/field-list.d.ts": "9ae1e2a2e28a75118cf4ef9c4ece2b92369832b5f48375f12a107e570e8ddf57",
    "https://esm.sh/v99/@bufbuild/protobuf@0.3.0/dist/types/field.d.ts": "e77dec6c1a59787e64110f860ff3cc0eb9c9374f7beea040448aac579b2d673c",
    "https://esm.sh/v99/@bufbuild/protobuf@0.3.0/dist/types/google/protobuf/any_pb.d.ts": "6494d1915cbe49a35158c67c81625d368332a4afcbd16b6712e74090c06ccb01",
    "https://esm.sh/v99/@bufbuild/protobuf@0.3.0/dist/types/google/protobuf/api_pb.d.ts": "28f648ed2add3e2f436671b5ca1401df3c8c8b361e64a807dad703d0300d9a69",
    "https://esm.sh/v99/@bufbuild/protobuf@0.3.0/dist/types/google/protobuf/compiler/plugin_pb.d.ts": "175e66c475bda3a096e8827dff788da0b032e7aa5eb5a51cb8fbf7f2412d53e2",
    "https://esm.sh/v99/@bufbuild/protobuf@0.3.0/dist/types/google/protobuf/descriptor_pb.d.ts": "67110de6eef1583b8dd995e9bf2642c5a4bf132059d1a0331dbf3288853dab10",
    "https://esm.sh/v99/@bufbuild/protobuf@0.3.0/dist/types/google/protobuf/duration_pb.d.ts": "2df67c2788804870ed82237e942e2b83ef8b6ec339b41b44142e9e80f574f1e6",
    "https://esm.sh/v99/@bufbuild/protobuf@0.3.0/dist/types/google/protobuf/empty_pb.d.ts": "5ee262f2b8aee4fa3d5430a4622b0f50b42b2c5552d5910d10aaccf53e06814a",
    "https://esm.sh/v99/@bufbuild/protobuf@0.3.0/dist/types/google/protobuf/field_mask_pb.d.ts": "02de8d2d428be9b1d31a81e7b46748bc973f196799bebbf3fa4ecdcdc39b26b0",
    "https://esm.sh/v99/@bufbuild/protobuf@0.3.0/dist/types/google/protobuf/source_context_pb.d.ts": "931a613e58cb5720f2c9e0f8ef25c66a76414774c11d7b92c54d6311d0f64f42",
    "https://esm.sh/v99/@bufbuild/protobuf@0.3.0/dist/types/google/protobuf/struct_pb.d.ts": "10a0bf79d482cbf38ca9300688701986438f262aea66de3e41beb262c881caf7",
    "https://esm.sh/v99/@bufbuild/protobuf@0.3.0/dist/types/google/protobuf/timestamp_pb.d.ts": "b9bf21efb151c55f5bd92d25ac629fbd163b84696f19ac7470df3a6b0e6a3f3a",
    "https://esm.sh/v99/@bufbuild/protobuf@0.3.0/dist/types/google/protobuf/type_pb.d.ts": "db5ef21d1914e12f5af770d4ff8ea83b16398f4e005eed8c97666fdbed05dcbe",
    "https://esm.sh/v99/@bufbuild/protobuf@0.3.0/dist/types/google/protobuf/wrappers_pb.d.ts": "657533e1d344c59713ad1347851ba974e78873a3ead0944a1a92c284f4b517b7",
    "https://esm.sh/v99/@bufbuild/protobuf@0.3.0/dist/types/index.d.ts": "882a713953b4cadc048e00fd40a5e382a25093c8a29d29c710aa75dffb9fa95e",
    "https://esm.sh/v99/@bufbuild/protobuf@0.3.0/dist/types/json-format.d.ts": "f23899f01b2dd4874d30f50b5d23fe0429479df270b4e32dfdf1a666cd75f208",
    "https://esm.sh/v99/@bufbuild/protobuf@0.3.0/dist/types/message-type.d.ts": "ee795f87116358a9f298bbfb94349462a2a8a433147fb9edc46ba2291286ef7c",
    "https://esm.sh/v99/@bufbuild/protobuf@0.3.0/dist/types/message.d.ts": "6574027a8dd87852dc4db9d789d2cc5fb549b311da91f969553c2649bdf9cde2",
    "https://esm.sh/v99/@bufbuild/protobuf@0.3.0/dist/types/private/enum.d.ts": "c05ecefe26e1aeb43a8fee9dd23c3fcebb6fee87a9497bf9be276dbd4c01867c",
    "https://esm.sh/v99/@bufbuild/protobuf@0.3.0/dist/types/private/field-list.d.ts": "9b924eebef2faccaa0a45dbda0fecbb3176ecb400db1e0ca49c51cf518e54ef3",
    "https://esm.sh/v99/@bufbuild/protobuf@0.3.0/dist/types/private/field-wrapper.d.ts": "2b0a35b705da9766425844057c9ebb8897793bbacb6bd6f02adb15dc28a79f41",
    "https://esm.sh/v99/@bufbuild/protobuf@0.3.0/dist/types/private/names.d.ts": "d0841e7e617cdbca7ef2c72d687aa6a6ad072bd0d2cd09727dbb06d4724c820a",
    "https://esm.sh/v99/@bufbuild/protobuf@0.3.0/dist/types/private/proto-runtime.d.ts": "cc9c15cc4758e3a83957f41932f398c0900fc50e5f1c6822d7c61a139ae35b0b",
    "https://esm.sh/v99/@bufbuild/protobuf@0.3.0/dist/types/private/reify-wkt.d.ts": "7784d1344828161a2f1fc32f45e41d01b3cc14a01709e20feff289318d8062cc",
    "https://esm.sh/v99/@bufbuild/protobuf@0.3.0/dist/types/private/scalars.d.ts": "549deed9d1759361608afde0748ee71a686dfeab68f75ca7a72991c9898562aa",
    "https://esm.sh/v99/@bufbuild/protobuf@0.3.0/dist/types/private/util.d.ts": "1472d10f8a9200abd98611e4456478a83fbc15fec17901d48c0b4229d56c3221",
    "https://esm.sh/v99/@bufbuild/protobuf@0.3.0/dist/types/proto-base64.d.ts": "a66cd7b19fdd3ddd8879a675e91a44d9f9246c05d27c7a7cd8e5d5472c46c52a",
    "https://esm.sh/v99/@bufbuild/protobuf@0.3.0/dist/types/proto-int64.d.ts": "aa61e6cb5e048437ab87d09e316ac45770840de626f5736c98a192c7d60c907a",
    "https://esm.sh/v99/@bufbuild/protobuf@0.3.0/dist/types/proto2.d.ts": "b6e22544627fa5f48638e9b23ef54a8e4308bac3eab214b77cb3ed0f8794ade5",
    "https://esm.sh/v99/@bufbuild/protobuf@0.3.0/dist/types/proto3.d.ts": "fc2321c716c8076f41fb90fe24e85fcf1f039011ce5b91019b00768ba31b4341",
    "https://esm.sh/v99/@bufbuild/protobuf@0.3.0/dist/types/service-type.d.ts": "dc3d8589d67481ccd9752f84c6fd8d7d6b743f8e3329f7429fb1c341e43a4e86",
    "https://esm.sh/v99/@bufbuild/protobuf@0.3.0/dist/types/type-registry.d.ts": "36251bbe71e1aa85acc83df716ff6049ac96cf3fe2c959ac19082b3676c854bf",
    "https://raw.githubusercontent.com/chiefbiiko/sha256/master/deps.ts": "434b70f37ed145ca5259353c96fdee1e7d1cd8c6a32baad9dce2aedc79d0a3bc",
    "https://raw.githubusercontent.com/chiefbiiko/sha256/master/mod.ts": "f109aa5eeb201a0cbfaf44950b70a429838b187e8a84c5b810c1ac84953427cc",
    "https://raw.githubusercontent.com/chiefbiiko/std-encoding/v1.1.1/mod.ts": "e61017da4cef146863d614a961b4e61f1df14b72c906092bd02161f913e76522"
  }
}
