{
  "name": "builder",
  "version": "1.0.0",
  "lockfileVersion": 2,
  "requires": true,
  "packages": {
    "": {
      "name": "builder",
      "version": "1.0.0",
      "license": "ISC",
      "devDependencies": {
        "@bufbuild/protoc-gen-es": "^2.2.1"
      }
    },
    "node_modules/@bufbuild/protobuf": {
      "version": "2.2.1",
      "resolved": "https://registry.npmjs.org/@bufbuild/protobuf/-/protobuf-2.2.1.tgz",
      "integrity": "sha512-gdWzq7eX017a1kZCU/bP/sbk4e0GZ6idjsXOcMrQwODCb/rx985fHJJ8+hCu79KpuG7PfZh7bo3BBjPH37JuZw==",
      "dev": true
    },
    "node_modules/@bufbuild/protoc-gen-es": {
      "version": "2.2.1",
      "resolved": "https://registry.npmjs.org/@bufbuild/protoc-gen-es/-/protoc-gen-es-2.2.1.tgz",
      "integrity": "sha512-ysaQTf52lYQTdK0zWpfgxKHVQqCoSe6TV3rD+JZUbiyqT4zloII7VZqmAWXoHk0SZiWdCIvkzMIHQpBxN7v6nA==",
      "dev": true,
      "dependencies": {
        "@bufbuild/protobuf": "^2.2.1",
        "@bufbuild/protoplugin": "2.2.1"
      },
      "bin": {
        "protoc-gen-es": "bin/protoc-gen-es"
      },
      "engines": {
        "node": ">=14"
      },
      "peerDependencies": {
        "@bufbuild/protobuf": "2.2.1"
      },
      "peerDependenciesMeta": {
        "@bufbuild/protobuf": {
          "optional": true
        }
      }
    },
    "node_modules/@bufbuild/protoplugin": {
      "version": "2.2.1",
      "resolved": "https://registry.npmjs.org/@bufbuild/protoplugin/-/protoplugin-2.2.1.tgz",
      "integrity": "sha512-dyHRQeUSwMIKSoZZ4l6CuXnggdwf3qlAMppHeKObK1OD++4qdhTveDGmTC+ASFF3IZkoxSYPUq+3e3OdRIKCYg==",
      "dev": true,
      "dependencies": {
        "@bufbuild/protobuf": "2.2.1",
        "@typescript/vfs": "^1.5.2",
        "typescript": "5.4.5"
      }
    },
    "node_modules/@typescript/vfs": {
      "version": "1.6.0",
      "resolved": "https://registry.npmjs.org/@typescript/vfs/-/vfs-1.6.0.tgz",
      "integrity": "sha512-hvJUjNVeBMp77qPINuUvYXj4FyWeeMMKZkxEATEU3hqBAQ7qdTBCUFT7Sp0Zu0faeEtFf+ldXxMEDr/bk73ISg==",
      "dev": true,
      "dependencies": {
        "debug": "^4.1.1"
      },
      "peerDependencies": {
        "typescript": "*"
      }
    },
    "node_modules/debug": {
      "version": "4.3.7",
      "resolved": "https://registry.npmjs.org/debug/-/debug-4.3.7.tgz",
      "integrity": "sha512-Er2nc/H7RrMXZBFCEim6TCmMk02Z8vLC2Rbi1KEBggpo0fS6l0S1nnapwmIi3yW/+GOJap1Krg4w0Hg80oCqgQ==",
      "dev": true,
      "dependencies": {
        "ms": "^2.1.3"
      },
      "engines": {
        "node": ">=6.0"
      },
      "peerDependenciesMeta": {
        "supports-color": {
          "optional": true
        }
      }
    },
    "node_modules/ms": {
      "version": "2.1.3",
      "resolved": "https://registry.npmjs.org/ms/-/ms-2.1.3.tgz",
      "integrity": "sha512-6FlzubTLZG3J2a/NVCAleEhjzq5oxgHyaCU9yYXvcLsvoVaHJq/s5xXI6/XXP6tz7R9xAOtHnSO/tXtF3WRTlA==",
      "dev": true
    },
    "node_modules/typescript": {
      "version": "5.4.5",
      "resolved": "https://registry.npmjs.org/typescript/-/typescript-5.4.5.tgz",
      "integrity": "sha512-vcI4UpRgg81oIRUFwR0WSIHKt11nJ7SAVlYNIu+QpqeyXP+gpQJy/Z4+F0aGxSE4MqwjyXvW/TzgkLAx2AGHwQ==",
      "dev": true,
      "bin": {
        "tsc": "bin/tsc",
        "tsserver": "bin/tsserver"
      },
      "engines": {
        "node": ">=14.17"
      }
    }
  },
  "dependencies": {
    "@bufbuild/protobuf": {
      "version": "2.2.1",
      "resolved": "https://registry.npmjs.org/@bufbuild/protobuf/-/protobuf-2.2.1.tgz",
      "integrity": "sha512-gdWzq7eX017a1kZCU/bP/sbk4e0GZ6idjsXOcMrQwODCb/rx985fHJJ8+hCu79KpuG7PfZh7bo3BBjPH37JuZw==",
      "dev": true
    },
    "@bufbuild/protoc-gen-es": {
      "version": "2.2.1",
      "resolved": "https://registry.npmjs.org/@bufbuild/protoc-gen-es/-/protoc-gen-es-2.2.1.tgz",
      "integrity": "sha512-ysaQTf52lYQTdK0zWpfgxKHVQqCoSe6TV3rD+JZUbiyqT4zloII7VZqmAWXoHk0SZiWdCIvkzMIHQpBxN7v6nA==",
      "dev": true,
      "requires": {
        "@bufbuild/protobuf": "^2.2.1",
        "@bufbuild/protoplugin": "2.2.1"
      }
    },
    "@bufbuild/protoplugin": {
      "version": "2.2.1",
      "resolved": "https://registry.npmjs.org/@bufbuild/protoplugin/-/protoplugin-2.2.1.tgz",
      "integrity": "sha512-dyHRQeUSwMIKSoZZ4l6CuXnggdwf3qlAMppHeKObK1OD++4qdhTveDGmTC+ASFF3IZkoxSYPUq+3e3OdRIKCYg==",
      "dev": true,
      "requires": {
        "@bufbuild/protobuf": "2.2.1",
        "@typescript/vfs": "^1.5.2",
        "typescript": "5.4.5"
      }
    },
    "@typescript/vfs": {
      "version": "1.6.0",
      "resolved": "https://registry.npmjs.org/@typescript/vfs/-/vfs-1.6.0.tgz",
      "integrity": "sha512-hvJUjNVeBMp77qPINuUvYXj4FyWeeMMKZkxEATEU3hqBAQ7qdTBCUFT7Sp0Zu0faeEtFf+ldXxMEDr/bk73ISg==",
      "dev": true,
      "requires": {
        "debug": "^4.1.1"
      }
    },
    "debug": {
      "version": "4.3.7",
      "resolved": "https://registry.npmjs.org/debug/-/debug-4.3.7.tgz",
      "integrity": "sha512-Er2nc/H7RrMXZBFCEim6TCmMk02Z8vLC2Rbi1KEBggpo0fS6l0S1nnapwmIi3yW/+GOJap1Krg4w0Hg80oCqgQ==",
      "dev": true,
      "requires": {
        "ms": "^2.1.3"
      }
    },
    "ms": {
      "version": "2.1.3",
      "resolved": "https://registry.npmjs.org/ms/-/ms-2.1.3.tgz",
      "integrity": "sha512-6FlzubTLZG3J2a/NVCAleEhjzq5oxgHyaCU9yYXvcLsvoVaHJq/s5xXI6/XXP6tz7R9xAOtHnSO/tXtF3WRTlA==",
      "dev": true
    },
    "typescript": {
      "version": "5.4.5",
      "resolved": "https://registry.npmjs.org/typescript/-/typescript-5.4.5.tgz",
      "integrity": "sha512-vcI4UpRgg81oIRUFwR0WSIHKt11nJ7SAVlYNIu+QpqeyXP+gpQJy/Z4+F0aGxSE4MqwjyXvW/TzgkLAx2AGHwQ==",
      "dev": true
    }
  }
}
